// !$*UTF8*$!
{
	archiveVersion = 1;
	classes = {
	};
	objectVersion = 56;
	objects = {

/* Begin PBXBuildFile section */
		16C1B5D52992C541005D8E29 /* StatCell.swift in Sources */ = {isa = PBXBuildFile; fileRef = 16C1B5D42992C541005D8E29 /* StatCell.swift */; };
		16E2CBD7299297FD00B3BD3E /* ViewController+Extensions.swift in Sources */ = {isa = PBXBuildFile; fileRef = 16E2CBD6299297FD00B3BD3E /* ViewController+Extensions.swift */; };
		16E2CBDC29929F3900B3BD3E /* String+Extension.swift in Sources */ = {isa = PBXBuildFile; fileRef = 16E2CBDB29929F3900B3BD3E /* String+Extension.swift */; };
		16FF4AED29917879003F8107 /* AppDelegate.swift in Sources */ = {isa = PBXBuildFile; fileRef = 16FF4AEC29917879003F8107 /* AppDelegate.swift */; };
		16FF4AEF29917879003F8107 /* SceneDelegate.swift in Sources */ = {isa = PBXBuildFile; fileRef = 16FF4AEE29917879003F8107 /* SceneDelegate.swift */; };
		16FF4AF129917879003F8107 /* ViewController.swift in Sources */ = {isa = PBXBuildFile; fileRef = 16FF4AF029917879003F8107 /* ViewController.swift */; };
		16FF4AF429917879003F8107 /* Main.storyboard in Resources */ = {isa = PBXBuildFile; fileRef = 16FF4AF229917879003F8107 /* Main.storyboard */; };
		16FF4AF62991787C003F8107 /* Assets.xcassets in Resources */ = {isa = PBXBuildFile; fileRef = 16FF4AF52991787C003F8107 /* Assets.xcassets */; };
		16FF4AF92991787C003F8107 /* LaunchScreen.storyboard in Resources */ = {isa = PBXBuildFile; fileRef = 16FF4AF72991787C003F8107 /* LaunchScreen.storyboard */; };
		16FF4B0629917C8C003F8107 /* AWBezierConfiguration.swift in Sources */ = {isa = PBXBuildFile; fileRef = 16FF4B0229917C8C003F8107 /* AWBezierConfiguration.swift */; };
		16FF4B0729917C8C003F8107 /* AWLineChart.swift in Sources */ = {isa = PBXBuildFile; fileRef = 16FF4B0329917C8C003F8107 /* AWLineChart.swift */; };
		16FF4B0829917C8C003F8107 /* AWCenterTextLayer.swift in Sources */ = {isa = PBXBuildFile; fileRef = 16FF4B0429917C8C003F8107 /* AWCenterTextLayer.swift */; };
		16FF4B0929917C8C003F8107 /* AWLineChartExtensions.swift in Sources */ = {isa = PBXBuildFile; fileRef = 16FF4B0529917C8C003F8107 /* AWLineChartExtensions.swift */; };
		16FF4B0C29917E5E003F8107 /* AstroidsVM.swift in Sources */ = {isa = PBXBuildFile; fileRef = 16FF4B0B29917E5E003F8107 /* AstroidsVM.swift */; };
		16FF4B0F29917F24003F8107 /* Models.swift in Sources */ = {isa = PBXBuildFile; fileRef = 16FF4B0E29917F24003F8107 /* Models.swift */; };
		16FF4B1229918204003F8107 /* APIManager.swift in Sources */ = {isa = PBXBuildFile; fileRef = 16FF4B1129918204003F8107 /* APIManager.swift */; };
		73C9434EA68A0146CE238878 /* Pods_AsteroidState.framework in Frameworks */ = {isa = PBXBuildFile; fileRef = 92B2FC141AB31DD53878EE8F /* Pods_AsteroidState.framework */; };
/* End PBXBuildFile section */

/* Begin PBXFileReference section */
		16C1B5D42992C541005D8E29 /* StatCell.swift */ = {isa = PBXFileReference; lastKnownFileType = sourcecode.swift; path = StatCell.swift; sourceTree = "<group>"; };
		16E2CBD6299297FD00B3BD3E /* ViewController+Extensions.swift */ = {isa = PBXFileReference; lastKnownFileType = sourcecode.swift; path = "ViewController+Extensions.swift"; sourceTree = "<group>"; };
		16E2CBDB29929F3900B3BD3E /* String+Extension.swift */ = {isa = PBXFileReference; lastKnownFileType = sourcecode.swift; path = "String+Extension.swift"; sourceTree = "<group>"; };
		16FF4AE929917879003F8107 /* AsteroidState.app */ = {isa = PBXFileReference; explicitFileType = wrapper.application; includeInIndex = 0; path = AsteroidState.app; sourceTree = BUILT_PRODUCTS_DIR; };
		16FF4AEC29917879003F8107 /* AppDelegate.swift */ = {isa = PBXFileReference; lastKnownFileType = sourcecode.swift; path = AppDelegate.swift; sourceTree = "<group>"; };
		16FF4AEE29917879003F8107 /* SceneDelegate.swift */ = {isa = PBXFileReference; lastKnownFileType = sourcecode.swift; path = SceneDelegate.swift; sourceTree = "<group>"; };
		16FF4AF029917879003F8107 /* ViewController.swift */ = {isa = PBXFileReference; lastKnownFileType = sourcecode.swift; path = ViewController.swift; sourceTree = "<group>"; };
		16FF4AF329917879003F8107 /* Base */ = {isa = PBXFileReference; lastKnownFileType = file.storyboard; name = Base; path = Base.lproj/Main.storyboard; sourceTree = "<group>"; };
		16FF4AF52991787C003F8107 /* Assets.xcassets */ = {isa = PBXFileReference; lastKnownFileType = folder.assetcatalog; path = Assets.xcassets; sourceTree = "<group>"; };
		16FF4AF82991787C003F8107 /* Base */ = {isa = PBXFileReference; lastKnownFileType = file.storyboard; name = Base; path = Base.lproj/LaunchScreen.storyboard; sourceTree = "<group>"; };
		16FF4AFA2991787C003F8107 /* Info.plist */ = {isa = PBXFileReference; lastKnownFileType = text.plist.xml; path = Info.plist; sourceTree = "<group>"; };
		16FF4B0229917C8C003F8107 /* AWBezierConfiguration.swift */ = {isa = PBXFileReference; fileEncoding = 4; lastKnownFileType = sourcecode.swift; path = AWBezierConfiguration.swift; sourceTree = "<group>"; };
		16FF4B0329917C8C003F8107 /* AWLineChart.swift */ = {isa = PBXFileReference; fileEncoding = 4; lastKnownFileType = sourcecode.swift; path = AWLineChart.swift; sourceTree = "<group>"; };
		16FF4B0429917C8C003F8107 /* AWCenterTextLayer.swift */ = {isa = PBXFileReference; fileEncoding = 4; lastKnownFileType = sourcecode.swift; path = AWCenterTextLayer.swift; sourceTree = "<group>"; };
		16FF4B0529917C8C003F8107 /* AWLineChartExtensions.swift */ = {isa = PBXFileReference; fileEncoding = 4; lastKnownFileType = sourcecode.swift; path = AWLineChartExtensions.swift; sourceTree = "<group>"; };
		16FF4B0B29917E5E003F8107 /* AstroidsVM.swift */ = {isa = PBXFileReference; lastKnownFileType = sourcecode.swift; path = AstroidsVM.swift; sourceTree = "<group>"; };
		16FF4B0E29917F24003F8107 /* Models.swift */ = {isa = PBXFileReference; lastKnownFileType = sourcecode.swift; path = Models.swift; sourceTree = "<group>"; };
		16FF4B1129918204003F8107 /* APIManager.swift */ = {isa = PBXFileReference; lastKnownFileType = sourcecode.swift; path = APIManager.swift; sourceTree = "<group>"; };
		24C46566A497BCF0AA370250 /* Pods-AsteroidState.release.xcconfig */ = {isa = PBXFileReference; includeInIndex = 1; lastKnownFileType = text.xcconfig; name = "Pods-AsteroidState.release.xcconfig"; path = "Target Support Files/Pods-AsteroidState/Pods-AsteroidState.release.xcconfig"; sourceTree = "<group>"; };
		8F6953742F76F82CA949C287 /* Pods-AsteroidState.debug.xcconfig */ = {isa = PBXFileReference; includeInIndex = 1; lastKnownFileType = text.xcconfig; name = "Pods-AsteroidState.debug.xcconfig"; path = "Target Support Files/Pods-AsteroidState/Pods-AsteroidState.debug.xcconfig"; sourceTree = "<group>"; };
		92B2FC141AB31DD53878EE8F /* Pods_AsteroidState.framework */ = {isa = PBXFileReference; explicitFileType = wrapper.framework; includeInIndex = 0; path = Pods_AsteroidState.framework; sourceTree = BUILT_PRODUCTS_DIR; };
/* End PBXFileReference section */

/* Begin PBXFrameworksBuildPhase section */
		16FF4AE629917879003F8107 /* Frameworks */ = {
			isa = PBXFrameworksBuildPhase;
			buildActionMask = 2147483647;
			files = (
				73C9434EA68A0146CE238878 /* Pods_AsteroidState.framework in Frameworks */,
			);
			runOnlyForDeploymentPostprocessing = 0;
		};
/* End PBXFrameworksBuildPhase section */

/* Begin PBXGroup section */
		16C1B5D32992C526005D8E29 /* CustomCells */ = {
			isa = PBXGroup;
			children = (
				16C1B5D42992C541005D8E29 /* StatCell.swift */,
			);
			path = CustomCells;
			sourceTree = "<group>";
		};
		16E2CBD5299297EC00B3BD3E /* Extension */ = {
			isa = PBXGroup;
			children = (
				16E2CBD6299297FD00B3BD3E /* ViewController+Extensions.swift */,
				16E2CBDB29929F3900B3BD3E /* String+Extension.swift */,
			);
			path = Extension;
			sourceTree = "<group>";
		};
		16FF4AE029917879003F8107 = {
			isa = PBXGroup;
			children = (
				16FF4AEB29917879003F8107 /* AsteroidState */,
				16FF4AEA29917879003F8107 /* Products */,
				ECE758C66D9D092DD66AF01A /* Pods */,
				F43EEC59838DE8B912177F72 /* Frameworks */,
			);
			sourceTree = "<group>";
		};
		16FF4AEA29917879003F8107 /* Products */ = {
			isa = PBXGroup;
			children = (
				16FF4AE929917879003F8107 /* AsteroidState.app */,
			);
			name = Products;
			sourceTree = "<group>";
		};
		16FF4AEB29917879003F8107 /* AsteroidState */ = {
			isa = PBXGroup;
			children = (
				16C1B5D32992C526005D8E29 /* CustomCells */,
				16E2CBD5299297EC00B3BD3E /* Extension */,
				16FF4B10299181F9003F8107 /* Manager */,
				16FF4B0D29917E81003F8107 /* Models */,
				16FF4B0A29917E4B003F8107 /* ViewModels */,
				16FF4B0029917C85003F8107 /* Vendors */,
				16FF4AEC29917879003F8107 /* AppDelegate.swift */,
				16FF4AEE29917879003F8107 /* SceneDelegate.swift */,
				16FF4AF029917879003F8107 /* ViewController.swift */,
				16FF4AF229917879003F8107 /* Main.storyboard */,
				16FF4AF52991787C003F8107 /* Assets.xcassets */,
				16FF4AF72991787C003F8107 /* LaunchScreen.storyboard */,
				16FF4AFA2991787C003F8107 /* Info.plist */,
			);
			path = AsteroidState;
			sourceTree = "<group>";
		};
		16FF4B0029917C85003F8107 /* Vendors */ = {
			isa = PBXGroup;
			children = (
				16FF4B0129917C8C003F8107 /* AWLineChart */,
			);
			path = Vendors;
			sourceTree = "<group>";
		};
		16FF4B0129917C8C003F8107 /* AWLineChart */ = {
			isa = PBXGroup;
			children = (
				16FF4B0229917C8C003F8107 /* AWBezierConfiguration.swift */,
				16FF4B0329917C8C003F8107 /* AWLineChart.swift */,
				16FF4B0429917C8C003F8107 /* AWCenterTextLayer.swift */,
				16FF4B0529917C8C003F8107 /* AWLineChartExtensions.swift */,
			);
			path = AWLineChart;
			sourceTree = "<group>";
		};
		16FF4B0A29917E4B003F8107 /* ViewModels */ = {
			isa = PBXGroup;
			children = (
				16FF4B0B29917E5E003F8107 /* AstroidsVM.swift */,
			);
			path = ViewModels;
			sourceTree = "<group>";
		};
		16FF4B0D29917E81003F8107 /* Models */ = {
			isa = PBXGroup;
			children = (
				16FF4B0E29917F24003F8107 /* Models.swift */,
			);
			path = Models;
			sourceTree = "<group>";
		};
		16FF4B10299181F9003F8107 /* Manager */ = {
			isa = PBXGroup;
			children = (
				16FF4B1129918204003F8107 /* APIManager.swift */,
			);
			path = Manager;
			sourceTree = "<group>";
		};
		ECE758C66D9D092DD66AF01A /* Pods */ = {
			isa = PBXGroup;
			children = (
				8F6953742F76F82CA949C287 /* Pods-AsteroidState.debug.xcconfig */,
				24C46566A497BCF0AA370250 /* Pods-AsteroidState.release.xcconfig */,
			);
			path = Pods;
			sourceTree = "<group>";
		};
		F43EEC59838DE8B912177F72 /* Frameworks */ = {
			isa = PBXGroup;
			children = (
				92B2FC141AB31DD53878EE8F /* Pods_AsteroidState.framework */,
			);
			name = Frameworks;
			sourceTree = "<group>";
		};
/* End PBXGroup section */

/* Begin PBXNativeTarget section */
		16FF4AE829917879003F8107 /* AsteroidState */ = {
			isa = PBXNativeTarget;
			buildConfigurationList = 16FF4AFD2991787C003F8107 /* Build configuration list for PBXNativeTarget "AsteroidState" */;
			buildPhases = (
				C7B6DD3D11799FEBD92795FA /* [CP] Check Pods Manifest.lock */,
				16FF4AE529917879003F8107 /* Sources */,
				16FF4AE629917879003F8107 /* Frameworks */,
				16FF4AE729917879003F8107 /* Resources */,
				F866C4A6DD0F77C010CD3D1D /* [CP] Embed Pods Frameworks */,
			);
			buildRules = (
			);
			dependencies = (
			);
			name = AsteroidState;
			productName = AsteroidState;
			productReference = 16FF4AE929917879003F8107 /* AsteroidState.app */;
			productType = "com.apple.product-type.application";
		};
/* End PBXNativeTarget section */

/* Begin PBXProject section */
		16FF4AE129917879003F8107 /* Project object */ = {
			isa = PBXProject;
			attributes = {
				BuildIndependentTargetsInParallel = 1;
				LastSwiftUpdateCheck = 1420;
				LastUpgradeCheck = 1420;
				TargetAttributes = {
					16FF4AE829917879003F8107 = {
						CreatedOnToolsVersion = 14.2;
					};
				};
			};
			buildConfigurationList = 16FF4AE429917879003F8107 /* Build configuration list for PBXProject "AsteroidState" */;
			compatibilityVersion = "Xcode 14.0";
			developmentRegion = en;
			hasScannedForEncodings = 0;
			knownRegions = (
				en,
				Base,
			);
			mainGroup = 16FF4AE029917879003F8107;
			productRefGroup = 16FF4AEA29917879003F8107 /* Products */;
			projectDirPath = "";
			projectRoot = "";
			targets = (
				16FF4AE829917879003F8107 /* AsteroidState */,
			);
		};
/* End PBXProject section */

/* Begin PBXResourcesBuildPhase section */
		16FF4AE729917879003F8107 /* Resources */ = {
			isa = PBXResourcesBuildPhase;
			buildActionMask = 2147483647;
			files = (
				16FF4AF92991787C003F8107 /* LaunchScreen.storyboard in Resources */,
				16FF4AF62991787C003F8107 /* Assets.xcassets in Resources */,
				16FF4AF429917879003F8107 /* Main.storyboard in Resources */,
			);
			runOnlyForDeploymentPostprocessing = 0;
		};
/* End PBXResourcesBuildPhase section */

/* Begin PBXShellScriptBuildPhase section */
		C7B6DD3D11799FEBD92795FA /* [CP] Check Pods Manifest.lock */ = {
			isa = PBXShellScriptBuildPhase;
			buildActionMask = 2147483647;
			files = (
			);
			inputFileListPaths = (
			);
			inputPaths = (
				"${PODS_PODFILE_DIR_PATH}/Podfile.lock",
				"${PODS_ROOT}/Manifest.lock",
			);
			name = "[CP] Check Pods Manifest.lock";
			outputFileListPaths = (
			);
			outputPaths = (
				"$(DERIVED_FILE_DIR)/Pods-AsteroidState-checkManifestLockResult.txt",
			);
			runOnlyForDeploymentPostprocessing = 0;
			shellPath = /bin/sh;
			shellScript = "diff \"${PODS_PODFILE_DIR_PATH}/Podfile.lock\" \"${PODS_ROOT}/Manifest.lock\" > /dev/null\nif [ $? != 0 ] ; then\n    # print error to STDERR\n    echo \"error: The sandbox is not in sync with the Podfile.lock. Run 'pod install' or update your CocoaPods installation.\" >&2\n    exit 1\nfi\n# This output is used by Xcode 'outputs' to avoid re-running this script phase.\necho \"SUCCESS\" > \"${SCRIPT_OUTPUT_FILE_0}\"\n";
			showEnvVarsInLog = 0;
		};
		F866C4A6DD0F77C010CD3D1D /* [CP] Embed Pods Frameworks */ = {
			isa = PBXShellScriptBuildPhase;
			buildActionMask = 2147483647;
			files = (
			);
			inputFileListPaths = (
				"${PODS_ROOT}/Target Support Files/Pods-AsteroidState/Pods-AsteroidState-frameworks-${CONFIGURATION}-input-files.xcfilelist",
			);
			name = "[CP] Embed Pods Frameworks";
			outputFileListPaths = (
				"${PODS_ROOT}/Target Support Files/Pods-AsteroidState/Pods-AsteroidState-frameworks-${CONFIGURATION}-output-files.xcfilelist",
			);
			runOnlyForDeploymentPostprocessing = 0;
			shellPath = /bin/sh;
			shellScript = "\"${PODS_ROOT}/Target Support Files/Pods-AsteroidState/Pods-AsteroidState-frameworks.sh\"\n";
			showEnvVarsInLog = 0;
		};
/* End PBXShellScriptBuildPhase section */

/* Begin PBXSourcesBuildPhase section */
		16FF4AE529917879003F8107 /* Sources */ = {
			isa = PBXSourcesBuildPhase;
			buildActionMask = 2147483647;
			files = (
				16E2CBD7299297FD00B3BD3E /* ViewController+Extensions.swift in Sources */,
				16FF4B0929917C8C003F8107 /* AWLineChartExtensions.swift in Sources */,
				16FF4AF129917879003F8107 /* ViewController.swift in Sources */,
				16FF4B1229918204003F8107 /* APIManager.swift in Sources */,
				16E2CBDC29929F3900B3BD3E /* String+Extension.swift in Sources */,
				16FF4B0729917C8C003F8107 /* AWLineChart.swift in Sources */,
				16C1B5D52992C541005D8E29 /* StatCell.swift in Sources */,
				16FF4AED29917879003F8107 /* AppDelegate.swift in Sources */,
				16FF4B0829917C8C003F8107 /* AWCenterTextLayer.swift in Sources */,
				16FF4AEF29917879003F8107 /* SceneDelegate.swift in Sources */,
				16FF4B0F29917F24003F8107 /* Models.swift in Sources */,
				16FF4B0629917C8C003F8107 /* AWBezierConfiguration.swift in Sources */,
				16FF4B0C29917E5E003F8107 /* AstroidsVM.swift in Sources */,
			);
			runOnlyForDeploymentPostprocessing = 0;
		};
/* End PBXSourcesBuildPhase section */

/* Begin PBXVariantGroup section */
		16FF4AF229917879003F8107 /* Main.storyboard */ = {
			isa = PBXVariantGroup;
			children = (
				16FF4AF329917879003F8107 /* Base */,
			);
			name = Main.storyboard;
			sourceTree = "<group>";
		};
		16FF4AF72991787C003F8107 /* LaunchScreen.storyboard */ = {
			isa = PBXVariantGroup;
			children = (
				16FF4AF82991787C003F8107 /* Base */,
			);
			name = LaunchScreen.storyboard;
			sourceTree = "<group>";
		};
/* End PBXVariantGroup section */

/* Begin XCBuildConfiguration section */
		16FF4AFB2991787C003F8107 /* Debug */ = {
			isa = XCBuildConfiguration;
			buildSettings = {
				ALWAYS_SEARCH_USER_PATHS = NO;
				CLANG_ANALYZER_NONNULL = YES;
				CLANG_ANALYZER_NUMBER_OBJECT_CONVERSION = YES_AGGRESSIVE;
				CLANG_CXX_LANGUAGE_STANDARD = "gnu++20";
				CLANG_ENABLE_MODULES = YES;
				CLANG_ENABLE_OBJC_ARC = YES;
				CLANG_ENABLE_OBJC_WEAK = YES;
				CLANG_WARN_BLOCK_CAPTURE_AUTORELEASING = YES;
				CLANG_WARN_BOOL_CONVERSION = YES;
				CLANG_WARN_COMMA = YES;
				CLANG_WARN_CONSTANT_CONVERSION = YES;
				CLANG_WARN_DEPRECATED_OBJC_IMPLEMENTATIONS = YES;
				CLANG_WARN_DIRECT_OBJC_ISA_USAGE = YES_ERROR;
				CLANG_WARN_DOCUMENTATION_COMMENTS = YES;
				CLANG_WARN_EMPTY_BODY = YES;
				CLANG_WARN_ENUM_CONVERSION = YES;
				CLANG_WARN_INFINITE_RECURSION = YES;
				CLANG_WARN_INT_CONVERSION = YES;
				CLANG_WARN_NON_LITERAL_NULL_CONVERSION = YES;
				CLANG_WARN_OBJC_IMPLICIT_RETAIN_SELF = YES;
				CLANG_WARN_OBJC_LITERAL_CONVERSION = YES;
				CLANG_WARN_OBJC_ROOT_CLASS = YES_ERROR;
				CLANG_WARN_QUOTED_INCLUDE_IN_FRAMEWORK_HEADER = YES;
				CLANG_WARN_RANGE_LOOP_ANALYSIS = YES;
				CLANG_WARN_STRICT_PROTOTYPES = YES;
				CLANG_WARN_SUSPICIOUS_MOVE = YES;
				CLANG_WARN_UNGUARDED_AVAILABILITY = YES_AGGRESSIVE;
				CLANG_WARN_UNREACHABLE_CODE = YES;
				CLANG_WARN__DUPLICATE_METHOD_MATCH = YES;
				COPY_PHASE_STRIP = NO;
				DEBUG_INFORMATION_FORMAT = dwarf;
				ENABLE_STRICT_OBJC_MSGSEND = YES;
				ENABLE_TESTABILITY = YES;
				GCC_C_LANGUAGE_STANDARD = gnu11;
				GCC_DYNAMIC_NO_PIC = NO;
				GCC_NO_COMMON_BLOCKS = YES;
				GCC_OPTIMIZATION_LEVEL = 0;
				GCC_PREPROCESSOR_DEFINITIONS = (
					"DEBUG=1",
					"$(inherited)",
				);
				GCC_WARN_64_TO_32_BIT_CONVERSION = YES;
				GCC_WARN_ABOUT_RETURN_TYPE = YES_ERROR;
				GCC_WARN_UNDECLARED_SELECTOR = YES;
				GCC_WARN_UNINITIALIZED_AUTOS = YES_AGGRESSIVE;
				GCC_WARN_UNUSED_FUNCTION = YES;
				GCC_WARN_UNUSED_VARIABLE = YES;
				IPHONEOS_DEPLOYMENT_TARGET = 16.2;
				MTL_ENABLE_DEBUG_INFO = INCLUDE_SOURCE;
				MTL_FAST_MATH = YES;
				ONLY_ACTIVE_ARCH = YES;
				SDKROOT = iphoneos;
				SWIFT_ACTIVE_COMPILATION_CONDITIONS = DEBUG;
				SWIFT_OPTIMIZATION_LEVEL = "-Onone";
			};
			name = Debug;
		};
		16FF4AFC2991787C003F8107 /* Release */ = {
			isa = XCBuildConfiguration;
			buildSettings = {
				ALWAYS_SEARCH_USER_PATHS = NO;
				CLANG_ANALYZER_NONNULL = YES;
				CLANG_ANALYZER_NUMBER_OBJECT_CONVERSION = YES_AGGRESSIVE;
				CLANG_CXX_LANGUAGE_STANDARD = "gnu++20";
				CLANG_ENABLE_MODULES = YES;
				CLANG_ENABLE_OBJC_ARC = YES;
				CLANG_ENABLE_OBJC_WEAK = YES;
				CLANG_WARN_BLOCK_CAPTURE_AUTORELEASING = YES;
				CLANG_WARN_BOOL_CONVERSION = YES;
				CLANG_WARN_COMMA = YES;
				CLANG_WARN_CONSTANT_CONVERSION = YES;
				CLANG_WARN_DEPRECATED_OBJC_IMPLEMENTATIONS = YES;
				CLANG_WARN_DIRECT_OBJC_ISA_USAGE = YES_ERROR;
				CLANG_WARN_DOCUMENTATION_COMMENTS = YES;
				CLANG_WARN_EMPTY_BODY = YES;
				CLANG_WARN_ENUM_CONVERSION = YES;
				CLANG_WARN_INFINITE_RECURSION = YES;
				CLANG_WARN_INT_CONVERSION = YES;
				CLANG_WARN_NON_LITERAL_NULL_CONVERSION = YES;
				CLANG_WARN_OBJC_IMPLICIT_RETAIN_SELF = YES;
				CLANG_WARN_OBJC_LITERAL_CONVERSION = YES;
				CLANG_WARN_OBJC_ROOT_CLASS = YES_ERROR;
				CLANG_WARN_QUOTED_INCLUDE_IN_FRAMEWORK_HEADER = YES;
				CLANG_WARN_RANGE_LOOP_ANALYSIS = YES;
				CLANG_WARN_STRICT_PROTOTYPES = YES;
				CLANG_WARN_SUSPICIOUS_MOVE = YES;
				CLANG_WARN_UNGUARDED_AVAILABILITY = YES_AGGRESSIVE;
				CLANG_WARN_UNREACHABLE_CODE = YES;
				CLANG_WARN__DUPLICATE_METHOD_MATCH = YES;
				COPY_PHASE_STRIP = NO;
				DEBUG_INFORMATION_FORMAT = "dwarf-with-dsym";
				ENABLE_NS_ASSERTIONS = NO;
				ENABLE_STRICT_OBJC_MSGSEND = YES;
				GCC_C_LANGUAGE_STANDARD = gnu11;
				GCC_NO_COMMON_BLOCKS = YES;
				GCC_WARN_64_TO_32_BIT_CONVERSION = YES;
				GCC_WARN_ABOUT_RETURN_TYPE = YES_ERROR;
				GCC_WARN_UNDECLARED_SELECTOR = YES;
				GCC_WARN_UNINITIALIZED_AUTOS = YES_AGGRESSIVE;
				GCC_WARN_UNUSED_FUNCTION = YES;
				GCC_WARN_UNUSED_VARIABLE = YES;
				IPHONEOS_DEPLOYMENT_TARGET = 16.2;
				MTL_ENABLE_DEBUG_INFO = NO;
				MTL_FAST_MATH = YES;
				SDKROOT = iphoneos;
				SWIFT_COMPILATION_MODE = wholemodule;
				SWIFT_OPTIMIZATION_LEVEL = "-O";
				VALIDATE_PRODUCT = YES;
			};
			name = Release;
		};
		16FF4AFE2991787C003F8107 /* Debug */ = {
			isa = XCBuildConfiguration;
			baseConfigurationReference = 8F6953742F76F82CA949C287 /* Pods-AsteroidState.debug.xcconfig */;
			buildSettings = {
				ASSETCATALOG_COMPILER_APPICON_NAME = AppIcon;
				ASSETCATALOG_COMPILER_GLOBAL_ACCENT_COLOR_NAME = AccentColor;
				CODE_SIGN_STYLE = Automatic;
				CURRENT_PROJECT_VERSION = 1;
				DEVELOPMENT_TEAM = 9GHYK4RX5X;
				GENERATE_INFOPLIST_FILE = YES;
				INFOPLIST_FILE = AsteroidState/Info.plist;
				INFOPLIST_KEY_UIApplicationSupportsIndirectInputEvents = YES;
				INFOPLIST_KEY_UILaunchStoryboardName = LaunchScreen;
				INFOPLIST_KEY_UIMainStoryboardFile = Main;
				INFOPLIST_KEY_UISupportedInterfaceOrientations_iPad = "UIInterfaceOrientationPortrait UIInterfaceOrientationPortraitUpsideDown UIInterfaceOrientationLandscapeLeft UIInterfaceOrientationLandscapeRight";
				INFOPLIST_KEY_UISupportedInterfaceOrientations_iPhone = "UIInterfaceOrientationPortrait UIInterfaceOrientationLandscapeLeft UIInterfaceOrientationLandscapeRight";
				IPHONEOS_DEPLOYMENT_TARGET = 13;
				LD_RUNPATH_SEARCH_PATHS = (
					"$(inherited)",
					"@executable_path/Frameworks",
				);
				MARKETING_VERSION = 1.0;
				PRODUCT_BUNDLE_IDENTIFIER = com.ranium.AsteroidState;
				PRODUCT_NAME = "$(TARGET_NAME)";
				SWIFT_EMIT_LOC_STRINGS = YES;
				SWIFT_VERSION = 5.0;
				TARGETED_DEVICE_FAMILY = "1,2";
			};
			name = Debug;
		};
		16FF4AFF2991787C003F8107 /* Release */ = {
			isa = XCBuildConfiguration;
			baseConfigurationReference = 24C46566A497BCF0AA370250 /* Pods-AsteroidState.release.xcconfig */;
			buildSettings = {
				ASSETCATALOG_COMPILER_APPICON_NAME = AppIcon;
				ASSETCATALOG_COMPILER_GLOBAL_ACCENT_COLOR_NAME = AccentColor;
				CODE_SIGN_STYLE = Automatic;
				CURRENT_PROJECT_VERSION = 1;
				DEVELOPMENT_TEAM = 9GHYK4RX5X;
				GENERATE_INFOPLIST_FILE = YES;
				INFOPLIST_FILE = AsteroidState/Info.plist;
				INFOPLIST_KEY_UIApplicationSupportsIndirectInputEvents = YES;
				INFOPLIST_KEY_UILaunchStoryboardName = LaunchScreen;
				INFOPLIST_KEY_UIMainStoryboardFile = Main;
				INFOPLIST_KEY_UISupportedInterfaceOrientations_iPad = "UIInterfaceOrientationPortrait UIInterfaceOrientationPortraitUpsideDown UIInterfaceOrientationLandscapeLeft UIInterfaceOrientationLandscapeRight";
				INFOPLIST_KEY_UISupportedInterfaceOrientations_iPhone = "UIInterfaceOrientationPortrait UIInterfaceOrientationLandscapeLeft UIInterfaceOrientationLandscapeRight";
				IPHONEOS_DEPLOYMENT_TARGET = 13;
				LD_RUNPATH_SEARCH_PATHS = (
					"$(inherited)",
					"@executable_path/Frameworks",
				);
				MARKETING_VERSION = 1.0;
				PRODUCT_BUNDLE_IDENTIFIER = com.ranium.AsteroidState;
				PRODUCT_NAME = "$(TARGET_NAME)";
				SWIFT_EMIT_LOC_STRINGS = YES;
				SWIFT_VERSION = 5.0;
				TARGETED_DEVICE_FAMILY = "1,2";
			};
			name = Release;
		};
/* End XCBuildConfiguration section */

/* Begin XCConfigurationList section */
		16FF4AE429917879003F8107 /* Build configuration list for PBXProject "AsteroidState" */ = {
			isa = XCConfigurationList;
			buildConfigurations = (
				16FF4AFB2991787C003F8107 /* Debug */,
				16FF4AFC2991787C003F8107 /* Release */,
			);
			defaultConfigurationIsVisible = 0;
			defaultConfigurationName = Release;
		};
		16FF4AFD2991787C003F8107 /* Build configuration list for PBXNativeTarget "AsteroidState" */ = {
			isa = XCConfigurationList;
			buildConfigurations = (
				16FF4AFE2991787C003F8107 /* Debug */,
				16FF4AFF2991787C003F8107 /* Release */,
			);
			defaultConfigurationIsVisible = 0;
			defaultConfigurationName = Release;
		};
/* End XCConfigurationList section */
	};
	rootObject = 16FF4AE129917879003F8107 /* Project object */;
}
